// !$*UTF8*$!
{
	archiveVersion = 1;
	classes = {
	};
	objectVersion = 51;
	objects = {

/* Begin PBXBuildFile section */
		600797E625BE6B7100AEC1CA /* GTScreen.m in Sources */ = {isa = PBXBuildFile; fileRef = 600797E525BE6B7100AEC1CA /* GTScreen.m */; };
		601996C725BAB61400D8C5B3 /* GTVideoPlayer.m in Sources */ = {isa = PBXBuildFile; fileRef = 601996C625BAB61400D8C5B3 /* GTVideoPlayer.m */; };
		601E809325B0371200F3A51B /* GTListLoader.m in Sources */ = {isa = PBXBuildFile; fileRef = 601E809225B0371200F3A51B /* GTListLoader.m */; };
		602697C425C1114500F9F567 /* GTMediator.m in Sources */ = {isa = PBXBuildFile; fileRef = 602697C325C1114500F9F567 /* GTMediator.m */; };
		60319CBF25BD3FA5005FAAB4 /* GTVideoToolbar.m in Sources */ = {isa = PBXBuildFile; fileRef = 60319CBE25BD3FA5005FAAB4 /* GTVideoToolbar.m */; };
		6043D9AD25A450DF00CACA14 /* AppDelegate.m in Sources */ = {isa = PBXBuildFile; fileRef = 6043D9AC25A450DF00CACA14 /* AppDelegate.m */; };
		6043D9B025A450DF00CACA14 /* SceneDelegate.m in Sources */ = {isa = PBXBuildFile; fileRef = 6043D9AF25A450DF00CACA14 /* SceneDelegate.m */; };
		6043D9B325A450DF00CACA14 /* GTNewsViewController.m in Sources */ = {isa = PBXBuildFile; fileRef = 6043D9B225A450DF00CACA14 /* GTNewsViewController.m */; };
		6043D9B625A450DF00CACA14 /* Main.storyboard in Resources */ = {isa = PBXBuildFile; fileRef = 6043D9B425A450DF00CACA14 /* Main.storyboard */; };
		6043D9B825A450E300CACA14 /* Assets.xcassets in Resources */ = {isa = PBXBuildFile; fileRef = 6043D9B725A450E300CACA14 /* Assets.xcassets */; };
		6043D9BE25A450E300CACA14 /* main.m in Sources */ = {isa = PBXBuildFile; fileRef = 6043D9BD25A450E300CACA14 /* main.m */; };
		6043DA1725A6F62D00CACA14 /* GTVideoViewController.m in Sources */ = {isa = PBXBuildFile; fileRef = 6043DA1625A6F62D00CACA14 /* GTVideoViewController.m */; };
		6043DA1B25A800EE00CACA14 /* GTRecommendViewController.m in Sources */ = {isa = PBXBuildFile; fileRef = 6043DA1A25A800EE00CACA14 /* GTRecommendViewController.m */; };
		6043DA1F25A83FEB00CACA14 /* GTNormalTableViewCell.m in Sources */ = {isa = PBXBuildFile; fileRef = 6043DA1E25A83FEB00CACA14 /* GTNormalTableViewCell.m */; };
		6045BCF025BFC1A0004A721F /* GTSplashView.m in Sources */ = {isa = PBXBuildFile; fileRef = 6045BCEF25BFC1A0004A721F /* GTSplashView.m */; };
		60883DA125AC38BF00272F0B /* GTDetailViewController.m in Sources */ = {isa = PBXBuildFile; fileRef = 60883DA025AC38BF00272F0B /* GTDetailViewController.m */; };
		60883DA525ADA38800272F0B /* GTDeleteCellView.m in Sources */ = {isa = PBXBuildFile; fileRef = 60883DA425ADA38800272F0B /* GTDeleteCellView.m */; };
		608AA72825B824F5004F667D /* GTVideoCoverView.m in Sources */ = {isa = PBXBuildFile; fileRef = 608AA72725B824F5004F667D /* GTVideoCoverView.m */; };
		6095180B25B411430037B1B7 /* GTListItem.m in Sources */ = {isa = PBXBuildFile; fileRef = 6095180A25B411430037B1B7 /* GTListItem.m */; };
		60B6A0D025C29B8300079FBB /* icon.bundle in Resources */ = {isa = PBXBuildFile; fileRef = 60B6A0CF25C29B8300079FBB /* icon.bundle */; };
		60B6A0D625C29D0600079FBB /* GTMineViewController.m in Sources */ = {isa = PBXBuildFile; fileRef = 60B6A0D525C29D0600079FBB /* GTMineViewController.m */; };
		60B6A0DA25C29D1B00079FBB /* GTLogin.m in Sources */ = {isa = PBXBuildFile; fileRef = 60B6A0D925C29D1B00079FBB /* GTLogin.m */; };
		DAC5DDC7D915CADF1661A59C /* Pods_SampleApp.framework in Frameworks */ = {isa = PBXBuildFile; fileRef = 10C6102675066F9065C434E8 /* Pods_SampleApp.framework */; };
/* End PBXBuildFile section */

/* Begin PBXFileReference section */
		10C6102675066F9065C434E8 /* Pods_SampleApp.framework */ = {isa = PBXFileReference; explicitFileType = wrapper.framework; includeInIndex = 0; path = Pods_SampleApp.framework; sourceTree = BUILT_PRODUCTS_DIR; };
		347C7D2B833FE471E9D3329A /* Pods-SampleApp.release.xcconfig */ = {isa = PBXFileReference; includeInIndex = 1; lastKnownFileType = text.xcconfig; name = "Pods-SampleApp.release.xcconfig"; path = "Target Support Files/Pods-SampleApp/Pods-SampleApp.release.xcconfig"; sourceTree = "<group>"; };
		600797E425BE6B7100AEC1CA /* GTScreen.h */ = {isa = PBXFileReference; lastKnownFileType = sourcecode.c.h; path = GTScreen.h; sourceTree = "<group>"; };
		600797E525BE6B7100AEC1CA /* GTScreen.m */ = {isa = PBXFileReference; lastKnownFileType = sourcecode.c.objc; path = GTScreen.m; sourceTree = "<group>"; };
		601996C525BAB61400D8C5B3 /* GTVideoPlayer.h */ = {isa = PBXFileReference; lastKnownFileType = sourcecode.c.h; path = GTVideoPlayer.h; sourceTree = "<group>"; };
		601996C625BAB61400D8C5B3 /* GTVideoPlayer.m */ = {isa = PBXFileReference; lastKnownFileType = sourcecode.c.objc; path = GTVideoPlayer.m; sourceTree = "<group>"; };
		601E809125B0371200F3A51B /* GTListLoader.h */ = {isa = PBXFileReference; lastKnownFileType = sourcecode.c.h; path = GTListLoader.h; sourceTree = "<group>"; };
		601E809225B0371200F3A51B /* GTListLoader.m */ = {isa = PBXFileReference; lastKnownFileType = sourcecode.c.objc; path = GTListLoader.m; sourceTree = "<group>"; };
		602697BE25C1085D00F9F567 /* SampleApp.entitlements */ = {isa = PBXFileReference; lastKnownFileType = text.plist.entitlements; path = SampleApp.entitlements; sourceTree = "<group>"; };
		602697C225C1114500F9F567 /* GTMediator.h */ = {isa = PBXFileReference; lastKnownFileType = sourcecode.c.h; path = GTMediator.h; sourceTree = "<group>"; };
		602697C325C1114500F9F567 /* GTMediator.m */ = {isa = PBXFileReference; lastKnownFileType = sourcecode.c.objc; path = GTMediator.m; sourceTree = "<group>"; };
		60319CBD25BD3FA5005FAAB4 /* GTVideoToolbar.h */ = {isa = PBXFileReference; lastKnownFileType = sourcecode.c.h; path = GTVideoToolbar.h; sourceTree = "<group>"; };
		60319CBE25BD3FA5005FAAB4 /* GTVideoToolbar.m */ = {isa = PBXFileReference; lastKnownFileType = sourcecode.c.objc; path = GTVideoToolbar.m; sourceTree = "<group>"; };
		6043D9A825A450DF00CACA14 /* SampleApp.app */ = {isa = PBXFileReference; explicitFileType = wrapper.application; includeInIndex = 0; path = SampleApp.app; sourceTree = BUILT_PRODUCTS_DIR; };
		6043D9AB25A450DF00CACA14 /* AppDelegate.h */ = {isa = PBXFileReference; lastKnownFileType = sourcecode.c.h; path = AppDelegate.h; sourceTree = "<group>"; };
		6043D9AC25A450DF00CACA14 /* AppDelegate.m */ = {isa = PBXFileReference; lastKnownFileType = sourcecode.c.objc; path = AppDelegate.m; sourceTree = "<group>"; };
		6043D9AE25A450DF00CACA14 /* SceneDelegate.h */ = {isa = PBXFileReference; lastKnownFileType = sourcecode.c.h; path = SceneDelegate.h; sourceTree = "<group>"; };
		6043D9AF25A450DF00CACA14 /* SceneDelegate.m */ = {isa = PBXFileReference; lastKnownFileType = sourcecode.c.objc; path = SceneDelegate.m; sourceTree = "<group>"; };
		6043D9B125A450DF00CACA14 /* GTNewsViewController.h */ = {isa = PBXFileReference; lastKnownFileType = sourcecode.c.h; path = GTNewsViewController.h; sourceTree = "<group>"; };
		6043D9B225A450DF00CACA14 /* GTNewsViewController.m */ = {isa = PBXFileReference; lastKnownFileType = sourcecode.c.objc; path = GTNewsViewController.m; sourceTree = "<group>"; };
		6043D9B525A450DF00CACA14 /* Base */ = {isa = PBXFileReference; lastKnownFileType = file.storyboard; name = Base; path = Base.lproj/Main.storyboard; sourceTree = "<group>"; };
		6043D9B725A450E300CACA14 /* Assets.xcassets */ = {isa = PBXFileReference; lastKnownFileType = folder.assetcatalog; path = Assets.xcassets; sourceTree = "<group>"; };
		6043D9BC25A450E300CACA14 /* Info.plist */ = {isa = PBXFileReference; lastKnownFileType = text.plist.xml; path = Info.plist; sourceTree = "<group>"; };
		6043D9BD25A450E300CACA14 /* main.m */ = {isa = PBXFileReference; lastKnownFileType = sourcecode.c.objc; path = main.m; sourceTree = "<group>"; };
		6043DA1525A6F62D00CACA14 /* GTVideoViewController.h */ = {isa = PBXFileReference; lastKnownFileType = sourcecode.c.h; path = GTVideoViewController.h; sourceTree = "<group>"; };
		6043DA1625A6F62D00CACA14 /* GTVideoViewController.m */ = {isa = PBXFileReference; lastKnownFileType = sourcecode.c.objc; path = GTVideoViewController.m; sourceTree = "<group>"; };
		6043DA1925A800EE00CACA14 /* GTRecommendViewController.h */ = {isa = PBXFileReference; lastKnownFileType = sourcecode.c.h; path = GTRecommendViewController.h; sourceTree = "<group>"; };
		6043DA1A25A800EE00CACA14 /* GTRecommendViewController.m */ = {isa = PBXFileReference; lastKnownFileType = sourcecode.c.objc; path = GTRecommendViewController.m; sourceTree = "<group>"; };
		6043DA1D25A83FEB00CACA14 /* GTNormalTableViewCell.h */ = {isa = PBXFileReference; lastKnownFileType = sourcecode.c.h; path = GTNormalTableViewCell.h; sourceTree = "<group>"; };
		6043DA1E25A83FEB00CACA14 /* GTNormalTableViewCell.m */ = {isa = PBXFileReference; lastKnownFileType = sourcecode.c.objc; path = GTNormalTableViewCell.m; sourceTree = "<group>"; };
		6045BCEE25BFC1A0004A721F /* GTSplashView.h */ = {isa = PBXFileReference; lastKnownFileType = sourcecode.c.h; path = GTSplashView.h; sourceTree = "<group>"; };
		6045BCEF25BFC1A0004A721F /* GTSplashView.m */ = {isa = PBXFileReference; lastKnownFileType = sourcecode.c.objc; path = GTSplashView.m; sourceTree = "<group>"; };
		60883D9F25AC38BF00272F0B /* GTDetailViewController.h */ = {isa = PBXFileReference; lastKnownFileType = sourcecode.c.h; path = GTDetailViewController.h; sourceTree = "<group>"; };
		60883DA025AC38BF00272F0B /* GTDetailViewController.m */ = {isa = PBXFileReference; lastKnownFileType = sourcecode.c.objc; path = GTDetailViewController.m; sourceTree = "<group>"; };
		60883DA325ADA38800272F0B /* GTDeleteCellView.h */ = {isa = PBXFileReference; lastKnownFileType = sourcecode.c.h; path = GTDeleteCellView.h; sourceTree = "<group>"; };
		60883DA425ADA38800272F0B /* GTDeleteCellView.m */ = {isa = PBXFileReference; lastKnownFileType = sourcecode.c.objc; path = GTDeleteCellView.m; sourceTree = "<group>"; };
		608AA72625B824F5004F667D /* GTVideoCoverView.h */ = {isa = PBXFileReference; lastKnownFileType = sourcecode.c.h; path = GTVideoCoverView.h; sourceTree = "<group>"; };
		608AA72725B824F5004F667D /* GTVideoCoverView.m */ = {isa = PBXFileReference; lastKnownFileType = sourcecode.c.objc; path = GTVideoCoverView.m; sourceTree = "<group>"; };
		6095180925B411430037B1B7 /* GTListItem.h */ = {isa = PBXFileReference; lastKnownFileType = sourcecode.c.h; path = GTListItem.h; sourceTree = "<group>"; };
		6095180A25B411430037B1B7 /* GTListItem.m */ = {isa = PBXFileReference; lastKnownFileType = sourcecode.c.objc; path = GTListItem.m; sourceTree = "<group>"; };
		60B6A0CF25C29B8300079FBB /* icon.bundle */ = {isa = PBXFileReference; lastKnownFileType = "wrapper.plug-in"; path = icon.bundle; sourceTree = "<group>"; };
		60B6A0D425C29D0600079FBB /* GTMineViewController.h */ = {isa = PBXFileReference; lastKnownFileType = sourcecode.c.h; path = GTMineViewController.h; sourceTree = "<group>"; };
		60B6A0D525C29D0600079FBB /* GTMineViewController.m */ = {isa = PBXFileReference; lastKnownFileType = sourcecode.c.objc; path = GTMineViewController.m; sourceTree = "<group>"; };
		60B6A0D825C29D1B00079FBB /* GTLogin.h */ = {isa = PBXFileReference; lastKnownFileType = sourcecode.c.h; path = GTLogin.h; sourceTree = "<group>"; };
		60B6A0D925C29D1B00079FBB /* GTLogin.m */ = {isa = PBXFileReference; lastKnownFileType = sourcecode.c.objc; path = GTLogin.m; sourceTree = "<group>"; };
		60D5DA3C25C254690077B992 /* GTStaticTest.h */ = {isa = PBXFileReference; fileEncoding = 4; lastKnownFileType = sourcecode.c.h; path = GTStaticTest.h; sourceTree = "<group>"; };
		60D5DA3D25C254690077B992 /* libGTStatic.a */ = {isa = PBXFileReference; lastKnownFileType = archive.ar; path = libGTStatic.a; sourceTree = "<group>"; };
		60D5DA3E25C2546A0077B992 /* GTStatic.h */ = {isa = PBXFileReference; fileEncoding = 4; lastKnownFileType = sourcecode.c.h; path = GTStatic.h; sourceTree = "<group>"; };
		88DFB45552A88A569F321960 /* Pods-SampleApp.debug.xcconfig */ = {isa = PBXFileReference; includeInIndex = 1; lastKnownFileType = text.xcconfig; name = "Pods-SampleApp.debug.xcconfig"; path = "Target Support Files/Pods-SampleApp/Pods-SampleApp.debug.xcconfig"; sourceTree = "<group>"; };
/* End PBXFileReference section */

/* Begin PBXFrameworksBuildPhase section */
		6043D9A525A450DF00CACA14 /* Frameworks */ = {
			isa = PBXFrameworksBuildPhase;
			buildActionMask = 2147483647;
			files = (
				DAC5DDC7D915CADF1661A59C /* Pods_SampleApp.framework in Frameworks */,
			);
			runOnlyForDeploymentPostprocessing = 0;
		};
/* End PBXFrameworksBuildPhase section */

/* Begin PBXGroup section */
		22F54CC7CDA7EFB009C58805 /* Frameworks */ = {
			isa = PBXGroup;
			children = (
				10C6102675066F9065C434E8 /* Pods_SampleApp.framework */,
			);
			name = Frameworks;
			sourceTree = "<group>";
		};
		6043D99F25A450DF00CACA14 = {
			isa = PBXGroup;
			children = (
				6043D9AA25A450DF00CACA14 /* SampleApp */,
				6043D9A925A450DF00CACA14 /* Products */,
				E460F013645FD38CF1ED5334 /* Pods */,
				22F54CC7CDA7EFB009C58805 /* Frameworks */,
			);
			sourceTree = "<group>";
		};
		6043D9A925A450DF00CACA14 /* Products */ = {
			isa = PBXGroup;
			children = (
				6043D9A825A450DF00CACA14 /* SampleApp.app */,
			);
			name = Products;
			sourceTree = "<group>";
		};
		6043D9AA25A450DF00CACA14 /* SampleApp */ = {
			isa = PBXGroup;
			children = (
				60B6A0D225C29C0200079FBB /* MIneController */,
				60D5DA3625C24F8B0077B992 /* GTFramwork */,
				602697BE25C1085D00F9F567 /* SampleApp.entitlements */,
				608AA72425B81EA4004F667D /* ViewController */,
				6095180125B40FD50037B1B7 /* NewsController */,
				6043D9AB25A450DF00CACA14 /* AppDelegate.h */,
				6043D9AC25A450DF00CACA14 /* AppDelegate.m */,
				6043D9AE25A450DF00CACA14 /* SceneDelegate.h */,
				6043D9AF25A450DF00CACA14 /* SceneDelegate.m */,
				6043D9B425A450DF00CACA14 /* Main.storyboard */,
				6043D9B725A450E300CACA14 /* Assets.xcassets */,
				60B6A0CF25C29B8300079FBB /* icon.bundle */,
				6043D9BC25A450E300CACA14 /* Info.plist */,
				6043D9BD25A450E300CACA14 /* main.m */,
				6043DA1925A800EE00CACA14 /* GTRecommendViewController.h */,
				6043DA1A25A800EE00CACA14 /* GTRecommendViewController.m */,
				600797E425BE6B7100AEC1CA /* GTScreen.h */,
				600797E525BE6B7100AEC1CA /* GTScreen.m */,
				6045BCEE25BFC1A0004A721F /* GTSplashView.h */,
				6045BCEF25BFC1A0004A721F /* GTSplashView.m */,
				602697C225C1114500F9F567 /* GTMediator.h */,
				602697C325C1114500F9F567 /* GTMediator.m */,
			);
			path = SampleApp;
			sourceTree = "<group>";
		};
		608AA72425B81EA4004F667D /* ViewController */ = {
			isa = PBXGroup;
			children = (
				6043DA1525A6F62D00CACA14 /* GTVideoViewController.h */,
				6043DA1625A6F62D00CACA14 /* GTVideoViewController.m */,
				608AA72625B824F5004F667D /* GTVideoCoverView.h */,
				608AA72725B824F5004F667D /* GTVideoCoverView.m */,
				601996C525BAB61400D8C5B3 /* GTVideoPlayer.h */,
				601996C625BAB61400D8C5B3 /* GTVideoPlayer.m */,
				60319CBD25BD3FA5005FAAB4 /* GTVideoToolbar.h */,
				60319CBE25BD3FA5005FAAB4 /* GTVideoToolbar.m */,
			);
			path = ViewController;
			sourceTree = "<group>";
		};
		6095180125B40FD50037B1B7 /* NewsController */ = {
			isa = PBXGroup;
			children = (
				6095180825B410BF0037B1B7 /* detail */,
				6095180725B410540037B1B7 /* Controller */,
				6095180625B410040037B1B7 /* VIew */,
				6095180225B40FE90037B1B7 /* Model */,
			);
			path = NewsController;
			sourceTree = "<group>";
		};
		6095180225B40FE90037B1B7 /* Model */ = {
			isa = PBXGroup;
			children = (
				601E809125B0371200F3A51B /* GTListLoader.h */,
				601E809225B0371200F3A51B /* GTListLoader.m */,
				6095180925B411430037B1B7 /* GTListItem.h */,
				6095180A25B411430037B1B7 /* GTListItem.m */,
			);
			path = Model;
			sourceTree = "<group>";
		};
		6095180625B410040037B1B7 /* VIew */ = {
			isa = PBXGroup;
			children = (
				6043DA1D25A83FEB00CACA14 /* GTNormalTableViewCell.h */,
				6043DA1E25A83FEB00CACA14 /* GTNormalTableViewCell.m */,
				60883DA325ADA38800272F0B /* GTDeleteCellView.h */,
				60883DA425ADA38800272F0B /* GTDeleteCellView.m */,
			);
			path = VIew;
			sourceTree = "<group>";
		};
		6095180725B410540037B1B7 /* Controller */ = {
			isa = PBXGroup;
			children = (
				6043D9B125A450DF00CACA14 /* GTNewsViewController.h */,
				6043D9B225A450DF00CACA14 /* GTNewsViewController.m */,
			);
			path = Controller;
			sourceTree = "<group>";
		};
		6095180825B410BF0037B1B7 /* detail */ = {
			isa = PBXGroup;
			children = (
				60883D9F25AC38BF00272F0B /* GTDetailViewController.h */,
				60883DA025AC38BF00272F0B /* GTDetailViewController.m */,
			);
			path = detail;
			sourceTree = "<group>";
		};
		60B6A0D225C29C0200079FBB /* MIneController */ = {
			isa = PBXGroup;
			children = (
				60B6A0D425C29D0600079FBB /* GTMineViewController.h */,
				60B6A0D525C29D0600079FBB /* GTMineViewController.m */,
				60B6A0D825C29D1B00079FBB /* GTLogin.h */,
				60B6A0D925C29D1B00079FBB /* GTLogin.m */,
			);
			path = MIneController;
			sourceTree = "<group>";
		};
		60D5DA3625C24F8B0077B992 /* GTFramwork */ = {
			isa = PBXGroup;
			children = (
				60D5DA3E25C2546A0077B992 /* GTStatic.h */,
				60D5DA3C25C254690077B992 /* GTStaticTest.h */,
				60D5DA3D25C254690077B992 /* libGTStatic.a */,
			);
			path = GTFramwork;
			sourceTree = "<group>";
		};
		E460F013645FD38CF1ED5334 /* Pods */ = {
			isa = PBXGroup;
			children = (
				88DFB45552A88A569F321960 /* Pods-SampleApp.debug.xcconfig */,
				347C7D2B833FE471E9D3329A /* Pods-SampleApp.release.xcconfig */,
			);
			path = Pods;
			sourceTree = "<group>";
		};
/* End PBXGroup section */

/* Begin PBXNativeTarget section */
		6043D9A725A450DF00CACA14 /* SampleApp */ = {
			isa = PBXNativeTarget;
			buildConfigurationList = 6043D9C125A450E300CACA14 /* Build configuration list for PBXNativeTarget "SampleApp" */;
			buildPhases = (
				AF1944E03C32AF0725247D62 /* [CP] Check Pods Manifest.lock */,
				6043D9A425A450DF00CACA14 /* Sources */,
				6043D9A525A450DF00CACA14 /* Frameworks */,
				6043D9A625A450DF00CACA14 /* Resources */,
				B5024AC8AAD3A76DE985CC79 /* [CP] Embed Pods Frameworks */,
			);
			buildRules = (
			);
			dependencies = (
			);
			name = SampleApp;
			productName = SampleApp;
			productReference = 6043D9A825A450DF00CACA14 /* SampleApp.app */;
			productType = "com.apple.product-type.application";
		};
/* End PBXNativeTarget section */

/* Begin PBXProject section */
		6043D9A025A450DF00CACA14 /* Project object */ = {
			isa = PBXProject;
			attributes = {
				LastUpgradeCheck = 1230;
				TargetAttributes = {
					6043D9A725A450DF00CACA14 = {
						CreatedOnToolsVersion = 12.3;
					};
				};
			};
			buildConfigurationList = 6043D9A325A450DF00CACA14 /* Build configuration list for PBXProject "SampleApp" */;
			compatibilityVersion = "Xcode 9.3";
			developmentRegion = en;
			hasScannedForEncodings = 0;
			knownRegions = (
				en,
				Base,
			);
			mainGroup = 6043D99F25A450DF00CACA14;
			productRefGroup = 6043D9A925A450DF00CACA14 /* Products */;
			projectDirPath = "";
			projectRoot = "";
			targets = (
				6043D9A725A450DF00CACA14 /* SampleApp */,
			);
		};
/* End PBXProject section */

/* Begin PBXResourcesBuildPhase section */
		6043D9A625A450DF00CACA14 /* Resources */ = {
			isa = PBXResourcesBuildPhase;
			buildActionMask = 2147483647;
			files = (
				6043D9B825A450E300CACA14 /* Assets.xcassets in Resources */,
				6043D9B625A450DF00CACA14 /* Main.storyboard in Resources */,
				60B6A0D025C29B8300079FBB /* icon.bundle in Resources */,
			);
			runOnlyForDeploymentPostprocessing = 0;
		};
/* End PBXResourcesBuildPhase section */

/* Begin PBXShellScriptBuildPhase section */
		AF1944E03C32AF0725247D62 /* [CP] Check Pods Manifest.lock */ = {
			isa = PBXShellScriptBuildPhase;
			buildActionMask = 2147483647;
			files = (
			);
			inputFileListPaths = (
			);
			inputPaths = (
				"${PODS_PODFILE_DIR_PATH}/Podfile.lock",
				"${PODS_ROOT}/Manifest.lock",
			);
			name = "[CP] Check Pods Manifest.lock";
			outputFileListPaths = (
			);
			outputPaths = (
				"$(DERIVED_FILE_DIR)/Pods-SampleApp-checkManifestLockResult.txt",
			);
			runOnlyForDeploymentPostprocessing = 0;
			shellPath = /bin/sh;
			shellScript = "diff \"${PODS_PODFILE_DIR_PATH}/Podfile.lock\" \"${PODS_ROOT}/Manifest.lock\" > /dev/null\nif [ $? != 0 ] ; then\n    # print error to STDERR\n    echo \"error: The sandbox is not in sync with the Podfile.lock. Run 'pod install' or update your CocoaPods installation.\" >&2\n    exit 1\nfi\n# This output is used by Xcode 'outputs' to avoid re-running this script phase.\necho \"SUCCESS\" > \"${SCRIPT_OUTPUT_FILE_0}\"\n";
			showEnvVarsInLog = 0;
		};
		B5024AC8AAD3A76DE985CC79 /* [CP] Embed Pods Frameworks */ = {
			isa = PBXShellScriptBuildPhase;
			buildActionMask = 2147483647;
			files = (
			);
			inputFileListPaths = (
				"${PODS_ROOT}/Target Support Files/Pods-SampleApp/Pods-SampleApp-frameworks-${CONFIGURATION}-input-files.xcfilelist",
			);
			name = "[CP] Embed Pods Frameworks";
			outputFileListPaths = (
				"${PODS_ROOT}/Target Support Files/Pods-SampleApp/Pods-SampleApp-frameworks-${CONFIGURATION}-output-files.xcfilelist",
			);
			runOnlyForDeploymentPostprocessing = 0;
			shellPath = /bin/sh;
			shellScript = "\"${PODS_ROOT}/Target Support Files/Pods-SampleApp/Pods-SampleApp-frameworks.sh\"\n";
			showEnvVarsInLog = 0;
		};
/* End PBXShellScriptBuildPhase section */

/* Begin PBXSourcesBuildPhase section */
		6043D9A425A450DF00CACA14 /* Sources */ = {
			isa = PBXSourcesBuildPhase;
			buildActionMask = 2147483647;
			files = (
				600797E625BE6B7100AEC1CA /* GTScreen.m in Sources */,
				60883DA125AC38BF00272F0B /* GTDetailViewController.m in Sources */,
				60883DA525ADA38800272F0B /* GTDeleteCellView.m in Sources */,
				6043DA1F25A83FEB00CACA14 /* GTNormalTableViewCell.m in Sources */,
				6043D9B325A450DF00CACA14 /* GTNewsViewController.m in Sources */,
				6043DA1725A6F62D00CACA14 /* GTVideoViewController.m in Sources */,
				60B6A0DA25C29D1B00079FBB /* GTLogin.m in Sources */,
				602697C425C1114500F9F567 /* GTMediator.m in Sources */,
				601E809325B0371200F3A51B /* GTListLoader.m in Sources */,
				60319CBF25BD3FA5005FAAB4 /* GTVideoToolbar.m in Sources */,
				6095180B25B411430037B1B7 /* GTListItem.m in Sources */,
				60B6A0D625C29D0600079FBB /* GTMineViewController.m in Sources */,
				6043DA1B25A800EE00CACA14 /* GTRecommendViewController.m in Sources */,
				6045BCF025BFC1A0004A721F /* GTSplashView.m in Sources */,
				6043D9AD25A450DF00CACA14 /* AppDelegate.m in Sources */,
				6043D9BE25A450E300CACA14 /* main.m in Sources */,
				6043D9B025A450DF00CACA14 /* SceneDelegate.m in Sources */,
				608AA72825B824F5004F667D /* GTVideoCoverView.m in Sources */,
				601996C725BAB61400D8C5B3 /* GTVideoPlayer.m in Sources */,
			);
			runOnlyForDeploymentPostprocessing = 0;
		};
/* End PBXSourcesBuildPhase section */

/* Begin PBXVariantGroup section */
		6043D9B425A450DF00CACA14 /* Main.storyboard */ = {
			isa = PBXVariantGroup;
			children = (
				6043D9B525A450DF00CACA14 /* Base */,
			);
			name = Main.storyboard;
			sourceTree = "<group>";
		};
/* End PBXVariantGroup section */

/* Begin XCBuildConfiguration section */
		6043D9BF25A450E300CACA14 /* Debug */ = {
			isa = XCBuildConfiguration;
			buildSettings = {
				ALWAYS_SEARCH_USER_PATHS = NO;
				ASSETCATALOG_COMPILER_LAUNCHIMAGE_NAME = LaunchImage;
				CLANG_ANALYZER_NONNULL = YES;
				CLANG_ANALYZER_NUMBER_OBJECT_CONVERSION = YES_AGGRESSIVE;
				CLANG_CXX_LANGUAGE_STANDARD = "gnu++14";
				CLANG_CXX_LIBRARY = "libc++";
				CLANG_ENABLE_MODULES = YES;
				CLANG_ENABLE_OBJC_ARC = YES;
				CLANG_ENABLE_OBJC_WEAK = YES;
				CLANG_WARN_BLOCK_CAPTURE_AUTORELEASING = YES;
				CLANG_WARN_BOOL_CONVERSION = YES;
				CLANG_WARN_COMMA = YES;
				CLANG_WARN_CONSTANT_CONVERSION = YES;
				CLANG_WARN_DEPRECATED_OBJC_IMPLEMENTATIONS = YES;
				CLANG_WARN_DIRECT_OBJC_ISA_USAGE = YES_ERROR;
				CLANG_WARN_DOCUMENTATION_COMMENTS = YES;
				CLANG_WARN_EMPTY_BODY = YES;
				CLANG_WARN_ENUM_CONVERSION = YES;
				CLANG_WARN_INFINITE_RECURSION = YES;
				CLANG_WARN_INT_CONVERSION = YES;
				CLANG_WARN_NON_LITERAL_NULL_CONVERSION = YES;
				CLANG_WARN_OBJC_IMPLICIT_RETAIN_SELF = YES;
				CLANG_WARN_OBJC_LITERAL_CONVERSION = YES;
				CLANG_WARN_OBJC_ROOT_CLASS = YES_ERROR;
				CLANG_WARN_QUOTED_INCLUDE_IN_FRAMEWORK_HEADER = YES;
				CLANG_WARN_RANGE_LOOP_ANALYSIS = YES;
				CLANG_WARN_STRICT_PROTOTYPES = YES;
				CLANG_WARN_SUSPICIOUS_MOVE = YES;
				CLANG_WARN_UNGUARDED_AVAILABILITY = YES_AGGRESSIVE;
				CLANG_WARN_UNREACHABLE_CODE = YES;
				CLANG_WARN__DUPLICATE_METHOD_MATCH = YES;
				COPY_PHASE_STRIP = NO;
				DEBUG_INFORMATION_FORMAT = dwarf;
				ENABLE_STRICT_OBJC_MSGSEND = YES;
				ENABLE_TESTABILITY = YES;
				GCC_C_LANGUAGE_STANDARD = gnu11;
				GCC_DYNAMIC_NO_PIC = NO;
				GCC_NO_COMMON_BLOCKS = YES;
				GCC_OPTIMIZATION_LEVEL = 0;
				GCC_PREPROCESSOR_DEFINITIONS = (
					"DEBUG=1",
					"$(inherited)",
				);
				GCC_WARN_64_TO_32_BIT_CONVERSION = YES;
				GCC_WARN_ABOUT_RETURN_TYPE = YES_ERROR;
				GCC_WARN_UNDECLARED_SELECTOR = YES;
				GCC_WARN_UNINITIALIZED_AUTOS = YES_AGGRESSIVE;
				GCC_WARN_UNUSED_FUNCTION = YES;
				GCC_WARN_UNUSED_VARIABLE = YES;
				IPHONEOS_DEPLOYMENT_TARGET = 14.3;
				MTL_ENABLE_DEBUG_INFO = INCLUDE_SOURCE;
				MTL_FAST_MATH = YES;
				ONLY_ACTIVE_ARCH = YES;
				SDKROOT = iphoneos;
			};
			name = Debug;
		};
		6043D9C025A450E300CACA14 /* Release */ = {
			isa = XCBuildConfiguration;
			buildSettings = {
				ALWAYS_SEARCH_USER_PATHS = NO;
				ASSETCATALOG_COMPILER_LAUNCHIMAGE_NAME = LaunchImage;
				CLANG_ANALYZER_NONNULL = YES;
				CLANG_ANALYZER_NUMBER_OBJECT_CONVERSION = YES_AGGRESSIVE;
				CLANG_CXX_LANGUAGE_STANDARD = "gnu++14";
				CLANG_CXX_LIBRARY = "libc++";
				CLANG_ENABLE_MODULES = YES;
				CLANG_ENABLE_OBJC_ARC = YES;
				CLANG_ENABLE_OBJC_WEAK = YES;
				CLANG_WARN_BLOCK_CAPTURE_AUTORELEASING = YES;
				CLANG_WARN_BOOL_CONVERSION = YES;
				CLANG_WARN_COMMA = YES;
				CLANG_WARN_CONSTANT_CONVERSION = YES;
				CLANG_WARN_DEPRECATED_OBJC_IMPLEMENTATIONS = YES;
				CLANG_WARN_DIRECT_OBJC_ISA_USAGE = YES_ERROR;
				CLANG_WARN_DOCUMENTATION_COMMENTS = YES;
				CLANG_WARN_EMPTY_BODY = YES;
				CLANG_WARN_ENUM_CONVERSION = YES;
				CLANG_WARN_INFINITE_RECURSION = YES;
				CLANG_WARN_INT_CONVERSION = YES;
				CLANG_WARN_NON_LITERAL_NULL_CONVERSION = YES;
				CLANG_WARN_OBJC_IMPLICIT_RETAIN_SELF = YES;
				CLANG_WARN_OBJC_LITERAL_CONVERSION = YES;
				CLANG_WARN_OBJC_ROOT_CLASS = YES_ERROR;
				CLANG_WARN_QUOTED_INCLUDE_IN_FRAMEWORK_HEADER = YES;
				CLANG_WARN_RANGE_LOOP_ANALYSIS = YES;
				CLANG_WARN_STRICT_PROTOTYPES = YES;
				CLANG_WARN_SUSPICIOUS_MOVE = YES;
				CLANG_WARN_UNGUARDED_AVAILABILITY = YES_AGGRESSIVE;
				CLANG_WARN_UNREACHABLE_CODE = YES;
				CLANG_WARN__DUPLICATE_METHOD_MATCH = YES;
				COPY_PHASE_STRIP = NO;
				DEBUG_INFORMATION_FORMAT = "dwarf-with-dsym";
				ENABLE_NS_ASSERTIONS = NO;
				ENABLE_STRICT_OBJC_MSGSEND = YES;
				GCC_C_LANGUAGE_STANDARD = gnu11;
				GCC_NO_COMMON_BLOCKS = YES;
				GCC_WARN_64_TO_32_BIT_CONVERSION = YES;
				GCC_WARN_ABOUT_RETURN_TYPE = YES_ERROR;
				GCC_WARN_UNDECLARED_SELECTOR = YES;
				GCC_WARN_UNINITIALIZED_AUTOS = YES_AGGRESSIVE;
				GCC_WARN_UNUSED_FUNCTION = YES;
				GCC_WARN_UNUSED_VARIABLE = YES;
				IPHONEOS_DEPLOYMENT_TARGET = 14.3;
				MTL_ENABLE_DEBUG_INFO = NO;
				MTL_FAST_MATH = YES;
				SDKROOT = iphoneos;
				VALIDATE_PRODUCT = YES;
			};
			name = Release;
		};
		6043D9C225A450E300CACA14 /* Debug */ = {
			isa = XCBuildConfiguration;
			baseConfigurationReference = 88DFB45552A88A569F321960 /* Pods-SampleApp.debug.xcconfig */;
			buildSettings = {
				ASSETCATALOG_COMPILER_APPICON_NAME = AppIcon;
				ASSETCATALOG_COMPILER_GLOBAL_ACCENT_COLOR_NAME = AccentColor;
				CODE_SIGN_ENTITLEMENTS = SampleApp/SampleApp.entitlements;
				CODE_SIGN_IDENTITY = "Apple Development";
				CODE_SIGN_STYLE = Automatic;
				DEVELOPMENT_TEAM = LV58Y697NZ;
				FRAMEWORK_SEARCH_PATHS = (
					"$(inherited)",
					"$(PROJECT_DIR)/SampleApp/GTFramwork",
				);
				INFOPLIST_FILE = SampleApp/Info.plist;
				IPHONEOS_DEPLOYMENT_TARGET = 13.0;
				LD_RUNPATH_SEARCH_PATHS = (
					"$(inherited)",
					"@executable_path/Frameworks",
				);
				LIBRARY_SEARCH_PATHS = (
					"$(inherited)",
					"$(PROJECT_DIR)/SampleApp/GTFramwork",
					"$(PROJECT_DIR)/SampleApp/GTFramwork/GTFramework.framework",
				);
				PRODUCT_BUNDLE_IDENTIFIER = yangjoker.SampleApp;
				PRODUCT_NAME = "$(TARGET_NAME)";
				PROVISIONING_PROFILE_SPECIFIER = "";
				TARGETED_DEVICE_FAMILY = "1,2";
			};
			name = Debug;
		};
		6043D9C325A450E300CACA14 /* Release */ = {
			isa = XCBuildConfiguration;
			baseConfigurationReference = 347C7D2B833FE471E9D3329A /* Pods-SampleApp.release.xcconfig */;
			buildSettings = {
				ASSETCATALOG_COMPILER_APPICON_NAME = AppIcon;
				ASSETCATALOG_COMPILER_GLOBAL_ACCENT_COLOR_NAME = AccentColor;
				CODE_SIGN_ENTITLEMENTS = SampleApp/SampleApp.entitlements;
				CODE_SIGN_IDENTITY = "Apple Development";
				CODE_SIGN_STYLE = Automatic;
				DEVELOPMENT_TEAM = LV58Y697NZ;
				FRAMEWORK_SEARCH_PATHS = (
					"$(inherited)",
					"$(PROJECT_DIR)/SampleApp/GTFramwork",
				);
				INFOPLIST_FILE = SampleApp/Info.plist;
				IPHONEOS_DEPLOYMENT_TARGET = 13.0;
				LD_RUNPATH_SEARCH_PATHS = (
					"$(inherited)",
					"@executable_path/Frameworks",
				);
				LIBRARY_SEARCH_PATHS = (
					"$(inherited)",
					"$(PROJECT_DIR)/SampleApp/GTFramwork",
					"$(PROJECT_DIR)/SampleApp/GTFramwork/GTFramework.framework",
				);
				PRODUCT_BUNDLE_IDENTIFIER = yangjoker.SampleApp;
				PRODUCT_NAME = "$(TARGET_NAME)";
				PROVISIONING_PROFILE_SPECIFIER = "";
				TARGETED_DEVICE_FAMILY = "1,2";
			};
			name = Release;
		};
/* End XCBuildConfiguration section */

/* Begin XCConfigurationList section */
		6043D9A325A450DF00CACA14 /* Build configuration list for PBXProject "SampleApp" */ = {
			isa = XCConfigurationList;
			buildConfigurations = (
				6043D9BF25A450E300CACA14 /* Debug */,
				6043D9C025A450E300CACA14 /* Release */,
			);
			defaultConfigurationIsVisible = 0;
			defaultConfigurationName = Release;
		};
		6043D9C125A450E300CACA14 /* Build configuration list for PBXNativeTarget "SampleApp" */ = {
			isa = XCConfigurationList;
			buildConfigurations = (
				6043D9C225A450E300CACA14 /* Debug */,
				6043D9C325A450E300CACA14 /* Release */,
			);
			defaultConfigurationIsVisible = 0;
			defaultConfigurationName = Release;
		};
/* End XCConfigurationList section */
	};
	rootObject = 6043D9A025A450DF00CACA14 /* Project object */;
}
